
Microsoft Visual Studio Solution File, Format Version 12.00
# Visual Studio Version 17
VisualStudioVersion = 17.7.34031.279
MinimumVisualStudioVersion = 10.0.40219.1
Project("{FAE04EC0-301F-11D3-BF4B-00C04F79EFBC}") = "SBD_Project_1", "SBD_Project_1\SBD_Project_1.csproj", "{D1628AD0-58FC-45E0-9517-312D45458EAF}"
EndProject
Global
	GlobalSection(SolutionConfigurationPlatforms) = preSolution
		Debug|Any CPU = Debug|Any CPU
		Release|Any CPU = Release|Any CPU
	EndGlobalSection
	GlobalSection(ProjectConfigurationPlatforms) = postSolution
		{D1628AD0-58FC-45E0-9517-312D45458EAF}.Debug|Any CPU.ActiveCfg = Debug|Any CPU
		{D1628AD0-58FC-45E0-9517-312D45458EAF}.Debug|Any CPU.Build.0 = Debug|Any CPU
		{D1628AD0-58FC-45E0-9517-312D45458EAF}.Release|Any CPU.ActiveCfg = Release|Any CPU
		{D1628AD0-58FC-45E0-9517-312D45458EAF}.Release|Any CPU.Build.0 = Release|Any CPU
	EndGlobalSection
	GlobalSection(SolutionProperties) = preSolution
		HideSolutionNode = FALSE
	EndGlobalSection
	GlobalSection(ExtensibilityGlobals) = postSolution
		SolutionGuid = {1DF38C2C-ACC8-4085-BA7B-225954AFCB1F}
	EndGlobalSection
EndGlobal
